{
  "lockfile_version": "1",
  "packages": {
    "github:NixOS/nixpkgs/nixpkgs-unstable": {
      "last_modified": "2025-10-27T19:50:41Z",
      "resolved": "github:NixOS/nixpkgs/1666250dbe4141e4ca8aaf89b40a3a51c2e36144?lastModified=1761594641&narHash=sha256-sImk6SJQASDLQo8l%2B0zWWaBgg7TueLS6lTvdH5pBZpo%3D"
    },
    "minikube@latest": {
      "last_modified": "2025-11-02T15:04:35Z",
      "resolved": "github:NixOS/nixpkgs/a3e67ddfeb2e04ef6ae3fddc8aae678696b08714#minikube",
      "source": "devbox-search",
      "version": "1.37.0",
      "systems": {
        "aarch64-darwin": {
          "outputs": [
            {
              "name": "out",
              "path": "/nix/store/gi5ifz0nxca3ds78swc8gymvr8j40869-minikube-1.37.0",
              "default": true
            }
          ],
          "store_path": "/nix/store/gi5ifz0nxca3ds78swc8gymvr8j40869-minikube-1.37.0"
        },
        "aarch64-linux": {
          "outputs": [
            {
              "name": "out",
              "path": "/nix/store/0khh2dfy8xznr807iff3hlcajg442bcn-minikube-1.37.0",
              "default": true
            }
          ],
          "store_path": "/nix/store/0khh2dfy8xznr807iff3hlcajg442bcn-minikube-1.37.0"
        },
        "x86_64-darwin": {
          "outputs": [
            {
              "name": "out",
              "path": "/nix/store/sq7f33r83znslwrqcxx6mf3wx8fbghlv-minikube-1.37.0",
              "default": true
            }
          ],
          "store_path": "/nix/store/sq7f33r83znslwrqcxx6mf3wx8fbghlv-minikube-1.37.0"
        },
        "x86_64-linux": {
          "outputs": [
            {
              "name": "out",
              "path": "/nix/store/bjz8naxsk9xd6hx03dmrf8f4vmchrf1r-minikube-1.37.0",
              "default": true
            }
          ],
          "store_path": "/nix/store/bjz8naxsk9xd6hx03dmrf8f4vmchrf1r-minikube-1.37.0"
        }
      }
    }
  }
}
