{
  "lockfile_version": "1",
  "packages": {
    "github:NixOS/nixpkgs/nixpkgs-unstable": {
      "last_modified": "2025-10-27T19:50:41Z",
      "resolved": "github:NixOS/nixpkgs/1666250dbe4141e4ca8aaf89b40a3a51c2e36144?lastModified=1761594641&narHash=sha256-sImk6SJQASDLQo8l%2B0zWWaBgg7TueLS6lTvdH5pBZpo%3D"
    },
    "kubectl@latest": {
      "last_modified": "2025-10-22T20:59:19Z",
      "resolved": "github:NixOS/nixpkgs/01b6809f7f9d1183a2b3e081f0a1e6f8f415cb09#kubectl",
      "source": "devbox-search",
      "version": "1.34.1",
      "systems": {
        "aarch64-darwin": {
          "outputs": [
            {
              "name": "out",
              "path": "/nix/store/pv5lknr9a985cdmxy0zqg0vk0562w1js-kubectl-1.34.1",
              "default": true
            },
            {
              "name": "man",
              "path": "/nix/store/5xfa19i31d4vhvbjihf6inqbp410fsp5-kubectl-1.34.1-man",
              "default": true
            },
            {
              "name": "convert",
              "path": "/nix/store/ciffxa4czjlmjzmq4yq21l8zkjvadxsq-kubectl-1.34.1-convert"
            }
          ],
          "store_path": "/nix/store/pv5lknr9a985cdmxy0zqg0vk0562w1js-kubectl-1.34.1"
        },
        "aarch64-linux": {
          "outputs": [
            {
              "name": "out",
              "path": "/nix/store/8xfnh8k465mm5q2cnh83hqk3h4p9i9n2-kubectl-1.34.1",
              "default": true
            },
            {
              "name": "man",
              "path": "/nix/store/0s8wk88y5rnvnbgsy77x3ak02fnsq01i-kubectl-1.34.1-man",
              "default": true
            },
            {
              "name": "convert",
              "path": "/nix/store/hhdzbn767znxinwswfqab0d0bg2jpwln-kubectl-1.34.1-convert"
            }
          ],
          "store_path": "/nix/store/8xfnh8k465mm5q2cnh83hqk3h4p9i9n2-kubectl-1.34.1"
        },
        "x86_64-darwin": {
          "outputs": [
            {
              "name": "out",
              "path": "/nix/store/80mql1xb9i7l5pb9cs5kmmgxhp351lv1-kubectl-1.34.1",
              "default": true
            },
            {
              "name": "man",
              "path": "/nix/store/qf79cl59w1kga58030s9a9nvk2b3m1qc-kubectl-1.34.1-man",
              "default": true
            },
            {
              "name": "convert",
              "path": "/nix/store/0msa3w7f7bazgfpa2icmz7fkvcdrn4d7-kubectl-1.34.1-convert"
            }
          ],
          "store_path": "/nix/store/80mql1xb9i7l5pb9cs5kmmgxhp351lv1-kubectl-1.34.1"
        },
        "x86_64-linux": {
          "outputs": [
            {
              "name": "out",
              "path": "/nix/store/hkdsjac8x7pvq0lmazmg7qs6y8k6kayh-kubectl-1.34.1",
              "default": true
            },
            {
              "name": "man",
              "path": "/nix/store/g5wlm6mrnf1pgjqapfb5r8zkh37rizgf-kubectl-1.34.1-man",
              "default": true
            },
            {
              "name": "convert",
              "path": "/nix/store/aq74byw89ckq4hiw85gl2cq4c8h99wqi-kubectl-1.34.1-convert"
            }
          ],
          "store_path": "/nix/store/hkdsjac8x7pvq0lmazmg7qs6y8k6kayh-kubectl-1.34.1"
        }
      }
    },
    "minikube@latest": {
      "last_modified": "2025-11-02T15:04:35Z",
      "resolved": "github:NixOS/nixpkgs/a3e67ddfeb2e04ef6ae3fddc8aae678696b08714#minikube",
      "source": "devbox-search",
      "version": "1.37.0",
      "systems": {
        "aarch64-darwin": {
          "outputs": [
            {
              "name": "out",
              "path": "/nix/store/gi5ifz0nxca3ds78swc8gymvr8j40869-minikube-1.37.0",
              "default": true
            }
          ],
          "store_path": "/nix/store/gi5ifz0nxca3ds78swc8gymvr8j40869-minikube-1.37.0"
        },
        "aarch64-linux": {
          "outputs": [
            {
              "name": "out",
              "path": "/nix/store/0khh2dfy8xznr807iff3hlcajg442bcn-minikube-1.37.0",
              "default": true
            }
          ],
          "store_path": "/nix/store/0khh2dfy8xznr807iff3hlcajg442bcn-minikube-1.37.0"
        },
        "x86_64-darwin": {
          "outputs": [
            {
              "name": "out",
              "path": "/nix/store/sq7f33r83znslwrqcxx6mf3wx8fbghlv-minikube-1.37.0",
              "default": true
            }
          ],
          "store_path": "/nix/store/sq7f33r83znslwrqcxx6mf3wx8fbghlv-minikube-1.37.0"
        },
        "x86_64-linux": {
          "outputs": [
            {
              "name": "out",
              "path": "/nix/store/bjz8naxsk9xd6hx03dmrf8f4vmchrf1r-minikube-1.37.0",
              "default": true
            }
          ],
          "store_path": "/nix/store/bjz8naxsk9xd6hx03dmrf8f4vmchrf1r-minikube-1.37.0"
        }
      }
    }
  }
}
